
Microsoft Visual Studio Solution File, Format Version 12.00
# Visual Studio Version 16
VisualStudioVersion = 16.0.29001.49
MinimumVisualStudioVersion = 10.0.40219.1
Project("{FAE04EC0-301F-11D3-BF4B-00C04F79EFBC}") = "Alphabet Soup", "Alphabet Soup.csproj", "{E0B46172-A560-4678-8FB4-9E15EE8E27BE}"
EndProject
Global
	GlobalSection(SolutionConfigurationPlatforms) = preSolution
		Debug|Any CPU = Debug|Any CPU
		Release|Any CPU = Release|Any CPU
	EndGlobalSection
	GlobalSection(ProjectConfigurationPlatforms) = postSolution
		{E0B46172-A560-4678-8FB4-9E15EE8E27BE}.Debug|Any CPU.ActiveCfg = Debug|Any CPU
		{E0B46172-A560-4678-8FB4-9E15EE8E27BE}.Debug|Any CPU.Build.0 = Debug|Any CPU
		{E0B46172-A560-4678-8FB4-9E15EE8E27BE}.Release|Any CPU.ActiveCfg = Release|Any CPU
		{E0B46172-A560-4678-8FB4-9E15EE8E27BE}.Release|Any CPU.Build.0 = Release|Any CPU
	EndGlobalSection
	GlobalSection(SolutionProperties) = preSolution
		HideSolutionNode = FALSE
	EndGlobalSection
	GlobalSection(ExtensibilityGlobals) = postSolution
		SolutionGuid = {F1DA1C5E-2D90-4733-8D75-5081555FF8BE}
	EndGlobalSection
EndGlobal
